
Microsoft Visual Studio Solution File, Format Version 12.00
# Visual Studio Version 17
VisualStudioVersion = 17.14.36414.22
MinimumVisualStudioVersion = 10.0.40219.1
Project("{FAE04EC0-301F-11D3-BF4B-00C04F79EFBC}") = "PrimeraVezConAPIs", "PrimeraVezConAPIs\PrimeraVezConAPIs.csproj", "{6FB93BA9-CF9E-4693-A41E-F3667BF2A42F}"
EndProject
Global
	GlobalSection(SolutionConfigurationPlatforms) = preSolution
		Debug|Any CPU = Debug|Any CPU
		Release|Any CPU = Release|Any CPU
	EndGlobalSection
	GlobalSection(ProjectConfigurationPlatforms) = postSolution
		{6FB93BA9-CF9E-4693-A41E-F3667BF2A42F}.Debug|Any CPU.ActiveCfg = Debug|Any CPU
		{6FB93BA9-CF9E-4693-A41E-F3667BF2A42F}.Debug|Any CPU.Build.0 = Debug|Any CPU
		{6FB93BA9-CF9E-4693-A41E-F3667BF2A42F}.Release|Any CPU.ActiveCfg = Release|Any CPU
		{6FB93BA9-CF9E-4693-A41E-F3667BF2A42F}.Release|Any CPU.Build.0 = Release|Any CPU
	EndGlobalSection
	GlobalSection(SolutionProperties) = preSolution
		HideSolutionNode = FALSE
	EndGlobalSection
	GlobalSection(ExtensibilityGlobals) = postSolution
		SolutionGuid = {02408C70-F2AE-4639-9CED-887CE7D2BC7F}
	EndGlobalSection
EndGlobal
